
Microsoft Visual Studio Solution File, Format Version 12.00
# Visual Studio 15
VisualStudioVersion = 15.0.28010.2046
MinimumVisualStudioVersion = 10.0.40219.1
Project("{FAE04EC0-301F-11D3-BF4B-00C04F79EFBC}") = "Mean square error", "Mean square error\Mean square error.csproj", "{9D60ED98-1C23-4C97-94E1-59D45731E7EA}"
EndProject
Global
	GlobalSection(SolutionConfigurationPlatforms) = preSolution
		Debug|Any CPU = Debug|Any CPU
		Release|Any CPU = Release|Any CPU
	EndGlobalSection
	GlobalSection(ProjectConfigurationPlatforms) = postSolution
		{9D60ED98-1C23-4C97-94E1-59D45731E7EA}.Debug|Any CPU.ActiveCfg = Debug|Any CPU
		{9D60ED98-1C23-4C97-94E1-59D45731E7EA}.Debug|Any CPU.Build.0 = Debug|Any CPU
		{9D60ED98-1C23-4C97-94E1-59D45731E7EA}.Release|Any CPU.ActiveCfg = Release|Any CPU
		{9D60ED98-1C23-4C97-94E1-59D45731E7EA}.Release|Any CPU.Build.0 = Release|Any CPU
	EndGlobalSection
	GlobalSection(SolutionProperties) = preSolution
		HideSolutionNode = FALSE
	EndGlobalSection
	GlobalSection(ExtensibilityGlobals) = postSolution
		SolutionGuid = {9B65144E-E619-451C-93C7-B10F4795273E}
	EndGlobalSection
EndGlobal
