
Microsoft Visual Studio Solution File, Format Version 12.00
# Visual Studio 15
VisualStudioVersion = 15.0.28010.2046
MinimumVisualStudioVersion = 10.0.40219.1
Project("{FAE04EC0-301F-11D3-BF4B-00C04F79EFBC}") = "SimpleProject", "SimpleProject\SimpleProject.csproj", "{7202B017-31D7-4D7D-9B0E-6B0BBE95DA64}"
EndProject
Global
	GlobalSection(SolutionConfigurationPlatforms) = preSolution
		Debug|Any CPU = Debug|Any CPU
		Release|Any CPU = Release|Any CPU
	EndGlobalSection
	GlobalSection(ProjectConfigurationPlatforms) = postSolution
		{7202B017-31D7-4D7D-9B0E-6B0BBE95DA64}.Debug|Any CPU.ActiveCfg = Debug|Any CPU
		{7202B017-31D7-4D7D-9B0E-6B0BBE95DA64}.Debug|Any CPU.Build.0 = Debug|Any CPU
		{7202B017-31D7-4D7D-9B0E-6B0BBE95DA64}.Release|Any CPU.ActiveCfg = Release|Any CPU
		{7202B017-31D7-4D7D-9B0E-6B0BBE95DA64}.Release|Any CPU.Build.0 = Release|Any CPU
	EndGlobalSection
	GlobalSection(SolutionProperties) = preSolution
		HideSolutionNode = FALSE
	EndGlobalSection
	GlobalSection(ExtensibilityGlobals) = postSolution
		SolutionGuid = {40F96A17-0734-4DBA-96C9-4A88DEFE6244}
	EndGlobalSection
EndGlobal
