
Microsoft Visual Studio Solution File, Format Version 12.00
# Visual Studio 15
VisualStudioVersion = 15.0.28010.2046
MinimumVisualStudioVersion = 10.0.40219.1
Project("{FAE04EC0-301F-11D3-BF4B-00C04F79EFBC}") = "PIN", "PIN\PIN.csproj", "{9DAEB049-29C6-4A67-AC1F-F47072259CE6}"
EndProject
Global
	GlobalSection(SolutionConfigurationPlatforms) = preSolution
		Debug|Any CPU = Debug|Any CPU
		Release|Any CPU = Release|Any CPU
	EndGlobalSection
	GlobalSection(ProjectConfigurationPlatforms) = postSolution
		{9DAEB049-29C6-4A67-AC1F-F47072259CE6}.Debug|Any CPU.ActiveCfg = Debug|Any CPU
		{9DAEB049-29C6-4A67-AC1F-F47072259CE6}.Debug|Any CPU.Build.0 = Debug|Any CPU
		{9DAEB049-29C6-4A67-AC1F-F47072259CE6}.Release|Any CPU.ActiveCfg = Release|Any CPU
		{9DAEB049-29C6-4A67-AC1F-F47072259CE6}.Release|Any CPU.Build.0 = Release|Any CPU
	EndGlobalSection
	GlobalSection(SolutionProperties) = preSolution
		HideSolutionNode = FALSE
	EndGlobalSection
	GlobalSection(ExtensibilityGlobals) = postSolution
		SolutionGuid = {051196F8-2BF1-4FC3-8803-51C400B5867D}
	EndGlobalSection
EndGlobal
