
Microsoft Visual Studio Solution File, Format Version 12.00
# Visual Studio 15
VisualStudioVersion = 15.0.28010.2046
MinimumVisualStudioVersion = 10.0.40219.1
Project("{FAE04EC0-301F-11D3-BF4B-00C04F79EFBC}") = "Connect four", "Connect four\Connect four.csproj", "{6DCFA06F-F02D-470B-AC24-7A429CDB1ED5}"
EndProject
Global
	GlobalSection(SolutionConfigurationPlatforms) = preSolution
		Debug|Any CPU = Debug|Any CPU
		Release|Any CPU = Release|Any CPU
	EndGlobalSection
	GlobalSection(ProjectConfigurationPlatforms) = postSolution
		{6DCFA06F-F02D-470B-AC24-7A429CDB1ED5}.Debug|Any CPU.ActiveCfg = Debug|Any CPU
		{6DCFA06F-F02D-470B-AC24-7A429CDB1ED5}.Debug|Any CPU.Build.0 = Debug|Any CPU
		{6DCFA06F-F02D-470B-AC24-7A429CDB1ED5}.Release|Any CPU.ActiveCfg = Release|Any CPU
		{6DCFA06F-F02D-470B-AC24-7A429CDB1ED5}.Release|Any CPU.Build.0 = Release|Any CPU
	EndGlobalSection
	GlobalSection(SolutionProperties) = preSolution
		HideSolutionNode = FALSE
	EndGlobalSection
	GlobalSection(ExtensibilityGlobals) = postSolution
		SolutionGuid = {607E3059-BD5A-479B-A16B-5FF6F2E1BD82}
	EndGlobalSection
EndGlobal
