
Microsoft Visual Studio Solution File, Format Version 12.00
# Visual Studio 15
VisualStudioVersion = 15.0.28010.2046
MinimumVisualStudioVersion = 10.0.40219.1
Project("{FAE04EC0-301F-11D3-BF4B-00C04F79EFBC}") = "Scramblies", "Scramblies\Scramblies.csproj", "{D94DF0F2-E135-4039-8FFD-5A4D33B0DB1A}"
EndProject
Global
	GlobalSection(SolutionConfigurationPlatforms) = preSolution
		Debug|Any CPU = Debug|Any CPU
		Release|Any CPU = Release|Any CPU
	EndGlobalSection
	GlobalSection(ProjectConfigurationPlatforms) = postSolution
		{D94DF0F2-E135-4039-8FFD-5A4D33B0DB1A}.Debug|Any CPU.ActiveCfg = Debug|Any CPU
		{D94DF0F2-E135-4039-8FFD-5A4D33B0DB1A}.Debug|Any CPU.Build.0 = Debug|Any CPU
		{D94DF0F2-E135-4039-8FFD-5A4D33B0DB1A}.Release|Any CPU.ActiveCfg = Release|Any CPU
		{D94DF0F2-E135-4039-8FFD-5A4D33B0DB1A}.Release|Any CPU.Build.0 = Release|Any CPU
	EndGlobalSection
	GlobalSection(SolutionProperties) = preSolution
		HideSolutionNode = FALSE
	EndGlobalSection
	GlobalSection(ExtensibilityGlobals) = postSolution
		SolutionGuid = {7C526BDB-24DE-4DC1-B8DD-5D789B2BFF24}
	EndGlobalSection
EndGlobal
