
Microsoft Visual Studio Solution File, Format Version 12.00
# Visual Studio 15
VisualStudioVersion = 15.0.28010.2046
MinimumVisualStudioVersion = 10.0.40219.1
Project("{FAE04EC0-301F-11D3-BF4B-00C04F79EFBC}") = "The feast of many beasts", "The feast of many beasts\The feast of many beasts.csproj", "{B0073292-5C81-49D6-B0F5-B002F398A283}"
EndProject
Global
	GlobalSection(SolutionConfigurationPlatforms) = preSolution
		Debug|Any CPU = Debug|Any CPU
		Release|Any CPU = Release|Any CPU
	EndGlobalSection
	GlobalSection(ProjectConfigurationPlatforms) = postSolution
		{B0073292-5C81-49D6-B0F5-B002F398A283}.Debug|Any CPU.ActiveCfg = Debug|Any CPU
		{B0073292-5C81-49D6-B0F5-B002F398A283}.Debug|Any CPU.Build.0 = Debug|Any CPU
		{B0073292-5C81-49D6-B0F5-B002F398A283}.Release|Any CPU.ActiveCfg = Release|Any CPU
		{B0073292-5C81-49D6-B0F5-B002F398A283}.Release|Any CPU.Build.0 = Release|Any CPU
	EndGlobalSection
	GlobalSection(SolutionProperties) = preSolution
		HideSolutionNode = FALSE
	EndGlobalSection
	GlobalSection(ExtensibilityGlobals) = postSolution
		SolutionGuid = {E5A00F2A-0439-4114-A644-5D03E9995D7A}
	EndGlobalSection
EndGlobal
