
Microsoft Visual Studio Solution File, Format Version 12.00
# Visual Studio 15
VisualStudioVersion = 15.0.28010.2046
MinimumVisualStudioVersion = 10.0.40219.1
Project("{FAE04EC0-301F-11D3-BF4B-00C04F79EFBC}") = "Make the deadfish swim", "Make the deadfish swim\Make the deadfish swim.csproj", "{C139D941-B1A2-416F-A653-09E9A61053CE}"
EndProject
Global
	GlobalSection(SolutionConfigurationPlatforms) = preSolution
		Debug|Any CPU = Debug|Any CPU
		Release|Any CPU = Release|Any CPU
	EndGlobalSection
	GlobalSection(ProjectConfigurationPlatforms) = postSolution
		{C139D941-B1A2-416F-A653-09E9A61053CE}.Debug|Any CPU.ActiveCfg = Debug|Any CPU
		{C139D941-B1A2-416F-A653-09E9A61053CE}.Debug|Any CPU.Build.0 = Debug|Any CPU
		{C139D941-B1A2-416F-A653-09E9A61053CE}.Release|Any CPU.ActiveCfg = Release|Any CPU
		{C139D941-B1A2-416F-A653-09E9A61053CE}.Release|Any CPU.Build.0 = Release|Any CPU
	EndGlobalSection
	GlobalSection(SolutionProperties) = preSolution
		HideSolutionNode = FALSE
	EndGlobalSection
	GlobalSection(ExtensibilityGlobals) = postSolution
		SolutionGuid = {B84069FD-49C4-4288-84EB-7ED92004808B}
	EndGlobalSection
EndGlobal
